
Microsoft Visual Studio Solution File, Format Version 12.00
# Visual Studio 15
VisualStudioVersion = 15.0.27130.2027
MinimumVisualStudioVersion = 10.0.40219.1
Project("{2150E333-8FDC-42A3-9474-1A3956D46DE8}") = "Timetables_Core", "Timetables_Core", "{E9F0D758-9979-48A2-8BEB-D7EA22E7ADA4}"
EndProject
Project("{8BC9CEB8-8B4A-11D0-8D11-00A0C91BC942}") = "Timetables_Core_Library_Tests", "Timetables_Core_Library_Tests\Timetables_Core_Library_Tests.vcxproj", "{50EF8EEA-B03B-47D2-8AE8-3616A8DC65AF}"
EndProject
Project("{8BC9CEB8-8B4A-11D0-8D11-00A0C91BC942}") = "Timetables_Core_SampleApp", "Timetables_Core_SampleApp\Timetables_Core_SampleApp.vcxproj", "{43C1DC23-1628-46E4-ADC1-DFF758A83215}"
EndProject
Project("{8BC9CEB8-8B4A-11D0-8D11-00A0C91BC942}") = "Timetables_Core_Library", "Timetables_Core_Library\Timetables_Core_Library.vcxproj", "{D08D3D10-4D7A-4F95-A9E0-A7508A96F3F8}"
EndProject
Global
	GlobalSection(SolutionConfigurationPlatforms) = preSolution
		Debug|x64 = Debug|x64
		Debug|x86 = Debug|x86
		Release|x64 = Release|x64
		Release|x86 = Release|x86
	EndGlobalSection
	GlobalSection(ProjectConfigurationPlatforms) = postSolution
		{50EF8EEA-B03B-47D2-8AE8-3616A8DC65AF}.Debug|x64.ActiveCfg = Debug|x64
		{50EF8EEA-B03B-47D2-8AE8-3616A8DC65AF}.Debug|x64.Build.0 = Debug|x64
		{50EF8EEA-B03B-47D2-8AE8-3616A8DC65AF}.Debug|x86.ActiveCfg = Debug|Win32
		{50EF8EEA-B03B-47D2-8AE8-3616A8DC65AF}.Debug|x86.Build.0 = Debug|Win32
		{50EF8EEA-B03B-47D2-8AE8-3616A8DC65AF}.Release|x64.ActiveCfg = Release|x64
		{50EF8EEA-B03B-47D2-8AE8-3616A8DC65AF}.Release|x64.Build.0 = Release|x64
		{50EF8EEA-B03B-47D2-8AE8-3616A8DC65AF}.Release|x86.ActiveCfg = Release|Win32
		{50EF8EEA-B03B-47D2-8AE8-3616A8DC65AF}.Release|x86.Build.0 = Release|Win32
		{43C1DC23-1628-46E4-ADC1-DFF758A83215}.Debug|x64.ActiveCfg = Debug|x64
		{43C1DC23-1628-46E4-ADC1-DFF758A83215}.Debug|x64.Build.0 = Debug|x64
		{43C1DC23-1628-46E4-ADC1-DFF758A83215}.Debug|x86.ActiveCfg = Debug|Win32
		{43C1DC23-1628-46E4-ADC1-DFF758A83215}.Debug|x86.Build.0 = Debug|Win32
		{43C1DC23-1628-46E4-ADC1-DFF758A83215}.Release|x64.ActiveCfg = Release|x64
		{43C1DC23-1628-46E4-ADC1-DFF758A83215}.Release|x64.Build.0 = Release|x64
		{43C1DC23-1628-46E4-ADC1-DFF758A83215}.Release|x86.ActiveCfg = Release|Win32
		{43C1DC23-1628-46E4-ADC1-DFF758A83215}.Release|x86.Build.0 = Release|Win32
		{D08D3D10-4D7A-4F95-A9E0-A7508A96F3F8}.Debug|x64.ActiveCfg = Debug|x64
		{D08D3D10-4D7A-4F95-A9E0-A7508A96F3F8}.Debug|x64.Build.0 = Debug|x64
		{D08D3D10-4D7A-4F95-A9E0-A7508A96F3F8}.Debug|x86.ActiveCfg = Debug|Win32
		{D08D3D10-4D7A-4F95-A9E0-A7508A96F3F8}.Debug|x86.Build.0 = Debug|Win32
		{D08D3D10-4D7A-4F95-A9E0-A7508A96F3F8}.Release|x64.ActiveCfg = Release|x64
		{D08D3D10-4D7A-4F95-A9E0-A7508A96F3F8}.Release|x64.Build.0 = Release|x64
		{D08D3D10-4D7A-4F95-A9E0-A7508A96F3F8}.Release|x86.ActiveCfg = Release|Win32
		{D08D3D10-4D7A-4F95-A9E0-A7508A96F3F8}.Release|x86.Build.0 = Release|Win32
	EndGlobalSection
	GlobalSection(SolutionProperties) = preSolution
		HideSolutionNode = FALSE
	EndGlobalSection
	GlobalSection(NestedProjects) = preSolution
		{50EF8EEA-B03B-47D2-8AE8-3616A8DC65AF} = {E9F0D758-9979-48A2-8BEB-D7EA22E7ADA4}
		{43C1DC23-1628-46E4-ADC1-DFF758A83215} = {E9F0D758-9979-48A2-8BEB-D7EA22E7ADA4}
		{D08D3D10-4D7A-4F95-A9E0-A7508A96F3F8} = {E9F0D758-9979-48A2-8BEB-D7EA22E7ADA4}
	EndGlobalSection
	GlobalSection(ExtensibilityGlobals) = postSolution
		SolutionGuid = {C024807C-BA27-4F91-8B3F-8160BB2EB961}
	EndGlobalSection
EndGlobal
