
Microsoft Visual Studio Solution File, Format Version 12.00
# Visual Studio 15
VisualStudioVersion = 15.0.27130.2036
MinimumVisualStudioVersion = 10.0.40219.1
Project("{8BC9CEB8-8B4A-11D0-8D11-00A0C91BC942}") = "Timetables_Core_Library", "Timetables_Core_Library\Timetables_Core_Library.vcxproj", "{D08D3D10-4D7A-4F95-A9E0-A7508A96F3F8}"
EndProject
Project("{8BC9CEB8-8B4A-11D0-8D11-00A0C91BC942}") = "Timetables_Core_Library_SampleApp", "Timetables_Core_Library_SampleApp\Timetables_Core_SampleApp.vcxproj", "{43C1DC23-1628-46E4-ADC1-DFF758A83215}"
EndProject
Project("{FAE04EC0-301F-11D3-BF4B-00C04F79EFBC}") = "Timetables_Data_Preprocessor", "Timetables_Data_Preprocessor\Timetables_Data_Preprocessor.csproj", "{E64FC3AF-7B0D-438D-9FAA-5D4C7AFF945B}"
EndProject
Project("{FAE04EC0-301F-11D3-BF4B-00C04F79EFBC}") = "Timetables_Data_Preprocessor_SampleApp", "Timetables_Data_Preprocessor_SampleApp\Timetables_Data_Preprocessor_SampleApp.csproj", "{A21F2EFB-0477-466A-97A8-9118FEACF807}"
EndProject
Project("{FAE04EC0-301F-11D3-BF4B-00C04F79EFBC}") = "Timetables_Desktop_Application", "Timetables_Desktop_Application\Timetables_Desktop_Application.csproj", "{9E33F669-989F-4855-9A62-D3D9F865060C}"
EndProject
Project("{2150E333-8FDC-42A3-9474-1A3956D46DE8}") = "SampleApps", "SampleApps", "{55D574EA-BCA1-41FB-B757-F7F111A5ECDD}"
EndProject
Project("{2150E333-8FDC-42A3-9474-1A3956D46DE8}") = "Source", "Source", "{6C73E1BF-7538-4471-A877-DE6B12D1D48D}"
EndProject
Project("{FAE04EC0-301F-11D3-BF4B-00C04F79EFBC}") = "Timetables_Client_Library", "Timetables_Client_Library\Timetables_Client_Library.csproj", "{7D416D6B-719F-44D7-B641-30971B064A76}"
EndProject
Project("{8BC9CEB8-8B4A-11D0-8D11-00A0C91BC942}") = "TImetables_Native_To_Managed_Wrappers", "TImetables_Native_To_Managed_Wrappers\TImetables_Native_To_Managed_Wrappers.vcxproj", "{A799F2E3-64BE-4891-B688-81E0693959D8}"
EndProject
Global
	GlobalSection(SolutionConfigurationPlatforms) = preSolution
		Debug|Any CPU = Debug|Any CPU
		Debug|x64 = Debug|x64
		Debug|x86 = Debug|x86
		Release|Any CPU = Release|Any CPU
		Release|x64 = Release|x64
		Release|x86 = Release|x86
	EndGlobalSection
	GlobalSection(ProjectConfigurationPlatforms) = postSolution
		{D08D3D10-4D7A-4F95-A9E0-A7508A96F3F8}.Debug|Any CPU.ActiveCfg = Debug|Win32
		{D08D3D10-4D7A-4F95-A9E0-A7508A96F3F8}.Debug|x64.ActiveCfg = Debug|x64
		{D08D3D10-4D7A-4F95-A9E0-A7508A96F3F8}.Debug|x64.Build.0 = Debug|x64
		{D08D3D10-4D7A-4F95-A9E0-A7508A96F3F8}.Debug|x86.ActiveCfg = Debug|Win32
		{D08D3D10-4D7A-4F95-A9E0-A7508A96F3F8}.Debug|x86.Build.0 = Debug|Win32
		{D08D3D10-4D7A-4F95-A9E0-A7508A96F3F8}.Release|Any CPU.ActiveCfg = Release|Win32
		{D08D3D10-4D7A-4F95-A9E0-A7508A96F3F8}.Release|x64.ActiveCfg = Release|x64
		{D08D3D10-4D7A-4F95-A9E0-A7508A96F3F8}.Release|x64.Build.0 = Release|x64
		{D08D3D10-4D7A-4F95-A9E0-A7508A96F3F8}.Release|x86.ActiveCfg = Release|Win32
		{D08D3D10-4D7A-4F95-A9E0-A7508A96F3F8}.Release|x86.Build.0 = Release|Win32
		{43C1DC23-1628-46E4-ADC1-DFF758A83215}.Debug|Any CPU.ActiveCfg = Debug|Win32
		{43C1DC23-1628-46E4-ADC1-DFF758A83215}.Debug|x64.ActiveCfg = Debug|x64
		{43C1DC23-1628-46E4-ADC1-DFF758A83215}.Debug|x64.Build.0 = Debug|x64
		{43C1DC23-1628-46E4-ADC1-DFF758A83215}.Debug|x86.ActiveCfg = Debug|Win32
		{43C1DC23-1628-46E4-ADC1-DFF758A83215}.Debug|x86.Build.0 = Debug|Win32
		{43C1DC23-1628-46E4-ADC1-DFF758A83215}.Release|Any CPU.ActiveCfg = Release|Win32
		{43C1DC23-1628-46E4-ADC1-DFF758A83215}.Release|x64.ActiveCfg = Release|x64
		{43C1DC23-1628-46E4-ADC1-DFF758A83215}.Release|x64.Build.0 = Release|x64
		{43C1DC23-1628-46E4-ADC1-DFF758A83215}.Release|x86.ActiveCfg = Release|Win32
		{43C1DC23-1628-46E4-ADC1-DFF758A83215}.Release|x86.Build.0 = Release|Win32
		{E64FC3AF-7B0D-438D-9FAA-5D4C7AFF945B}.Debug|Any CPU.ActiveCfg = Debug|Any CPU
		{E64FC3AF-7B0D-438D-9FAA-5D4C7AFF945B}.Debug|Any CPU.Build.0 = Debug|Any CPU
		{E64FC3AF-7B0D-438D-9FAA-5D4C7AFF945B}.Debug|x64.ActiveCfg = Debug|Any CPU
		{E64FC3AF-7B0D-438D-9FAA-5D4C7AFF945B}.Debug|x64.Build.0 = Debug|Any CPU
		{E64FC3AF-7B0D-438D-9FAA-5D4C7AFF945B}.Debug|x86.ActiveCfg = Debug|Any CPU
		{E64FC3AF-7B0D-438D-9FAA-5D4C7AFF945B}.Debug|x86.Build.0 = Debug|Any CPU
		{E64FC3AF-7B0D-438D-9FAA-5D4C7AFF945B}.Release|Any CPU.ActiveCfg = Release|Any CPU
		{E64FC3AF-7B0D-438D-9FAA-5D4C7AFF945B}.Release|Any CPU.Build.0 = Release|Any CPU
		{E64FC3AF-7B0D-438D-9FAA-5D4C7AFF945B}.Release|x64.ActiveCfg = Release|Any CPU
		{E64FC3AF-7B0D-438D-9FAA-5D4C7AFF945B}.Release|x64.Build.0 = Release|Any CPU
		{E64FC3AF-7B0D-438D-9FAA-5D4C7AFF945B}.Release|x86.ActiveCfg = Release|Any CPU
		{E64FC3AF-7B0D-438D-9FAA-5D4C7AFF945B}.Release|x86.Build.0 = Release|Any CPU
		{A21F2EFB-0477-466A-97A8-9118FEACF807}.Debug|Any CPU.ActiveCfg = Debug|Any CPU
		{A21F2EFB-0477-466A-97A8-9118FEACF807}.Debug|Any CPU.Build.0 = Debug|Any CPU
		{A21F2EFB-0477-466A-97A8-9118FEACF807}.Debug|x64.ActiveCfg = Debug|Any CPU
		{A21F2EFB-0477-466A-97A8-9118FEACF807}.Debug|x64.Build.0 = Debug|Any CPU
		{A21F2EFB-0477-466A-97A8-9118FEACF807}.Debug|x86.ActiveCfg = Debug|Any CPU
		{A21F2EFB-0477-466A-97A8-9118FEACF807}.Debug|x86.Build.0 = Debug|Any CPU
		{A21F2EFB-0477-466A-97A8-9118FEACF807}.Release|Any CPU.ActiveCfg = Release|Any CPU
		{A21F2EFB-0477-466A-97A8-9118FEACF807}.Release|Any CPU.Build.0 = Release|Any CPU
		{A21F2EFB-0477-466A-97A8-9118FEACF807}.Release|x64.ActiveCfg = Release|Any CPU
		{A21F2EFB-0477-466A-97A8-9118FEACF807}.Release|x64.Build.0 = Release|Any CPU
		{A21F2EFB-0477-466A-97A8-9118FEACF807}.Release|x86.ActiveCfg = Release|Any CPU
		{A21F2EFB-0477-466A-97A8-9118FEACF807}.Release|x86.Build.0 = Release|Any CPU
		{9E33F669-989F-4855-9A62-D3D9F865060C}.Debug|Any CPU.ActiveCfg = Debug|Any CPU
		{9E33F669-989F-4855-9A62-D3D9F865060C}.Debug|Any CPU.Build.0 = Debug|Any CPU
		{9E33F669-989F-4855-9A62-D3D9F865060C}.Debug|x64.ActiveCfg = Debug|Any CPU
		{9E33F669-989F-4855-9A62-D3D9F865060C}.Debug|x64.Build.0 = Debug|Any CPU
		{9E33F669-989F-4855-9A62-D3D9F865060C}.Debug|x86.ActiveCfg = Debug|Any CPU
		{9E33F669-989F-4855-9A62-D3D9F865060C}.Debug|x86.Build.0 = Debug|Any CPU
		{9E33F669-989F-4855-9A62-D3D9F865060C}.Release|Any CPU.ActiveCfg = Release|Any CPU
		{9E33F669-989F-4855-9A62-D3D9F865060C}.Release|Any CPU.Build.0 = Release|Any CPU
		{9E33F669-989F-4855-9A62-D3D9F865060C}.Release|x64.ActiveCfg = Release|Any CPU
		{9E33F669-989F-4855-9A62-D3D9F865060C}.Release|x64.Build.0 = Release|Any CPU
		{9E33F669-989F-4855-9A62-D3D9F865060C}.Release|x86.ActiveCfg = Release|Any CPU
		{9E33F669-989F-4855-9A62-D3D9F865060C}.Release|x86.Build.0 = Release|Any CPU
		{7D416D6B-719F-44D7-B641-30971B064A76}.Debug|Any CPU.ActiveCfg = Debug|Any CPU
		{7D416D6B-719F-44D7-B641-30971B064A76}.Debug|Any CPU.Build.0 = Debug|Any CPU
		{7D416D6B-719F-44D7-B641-30971B064A76}.Debug|x64.ActiveCfg = Debug|Any CPU
		{7D416D6B-719F-44D7-B641-30971B064A76}.Debug|x64.Build.0 = Debug|Any CPU
		{7D416D6B-719F-44D7-B641-30971B064A76}.Debug|x86.ActiveCfg = Debug|Any CPU
		{7D416D6B-719F-44D7-B641-30971B064A76}.Debug|x86.Build.0 = Debug|Any CPU
		{7D416D6B-719F-44D7-B641-30971B064A76}.Release|Any CPU.ActiveCfg = Release|Any CPU
		{7D416D6B-719F-44D7-B641-30971B064A76}.Release|Any CPU.Build.0 = Release|Any CPU
		{7D416D6B-719F-44D7-B641-30971B064A76}.Release|x64.ActiveCfg = Release|Any CPU
		{7D416D6B-719F-44D7-B641-30971B064A76}.Release|x64.Build.0 = Release|Any CPU
		{7D416D6B-719F-44D7-B641-30971B064A76}.Release|x86.ActiveCfg = Release|Any CPU
		{7D416D6B-719F-44D7-B641-30971B064A76}.Release|x86.Build.0 = Release|Any CPU
		{A799F2E3-64BE-4891-B688-81E0693959D8}.Debug|Any CPU.ActiveCfg = Debug|Win32
		{A799F2E3-64BE-4891-B688-81E0693959D8}.Debug|x64.ActiveCfg = Debug|x64
		{A799F2E3-64BE-4891-B688-81E0693959D8}.Debug|x64.Build.0 = Debug|x64
		{A799F2E3-64BE-4891-B688-81E0693959D8}.Debug|x86.ActiveCfg = Debug|Win32
		{A799F2E3-64BE-4891-B688-81E0693959D8}.Debug|x86.Build.0 = Debug|Win32
		{A799F2E3-64BE-4891-B688-81E0693959D8}.Release|Any CPU.ActiveCfg = Release|Win32
		{A799F2E3-64BE-4891-B688-81E0693959D8}.Release|x64.ActiveCfg = Release|x64
		{A799F2E3-64BE-4891-B688-81E0693959D8}.Release|x64.Build.0 = Release|x64
		{A799F2E3-64BE-4891-B688-81E0693959D8}.Release|x86.ActiveCfg = Release|Win32
		{A799F2E3-64BE-4891-B688-81E0693959D8}.Release|x86.Build.0 = Release|Win32
	EndGlobalSection
	GlobalSection(SolutionProperties) = preSolution
		HideSolutionNode = FALSE
	EndGlobalSection
	GlobalSection(NestedProjects) = preSolution
		{D08D3D10-4D7A-4F95-A9E0-A7508A96F3F8} = {6C73E1BF-7538-4471-A877-DE6B12D1D48D}
		{43C1DC23-1628-46E4-ADC1-DFF758A83215} = {55D574EA-BCA1-41FB-B757-F7F111A5ECDD}
		{E64FC3AF-7B0D-438D-9FAA-5D4C7AFF945B} = {6C73E1BF-7538-4471-A877-DE6B12D1D48D}
		{A21F2EFB-0477-466A-97A8-9118FEACF807} = {55D574EA-BCA1-41FB-B757-F7F111A5ECDD}
		{9E33F669-989F-4855-9A62-D3D9F865060C} = {6C73E1BF-7538-4471-A877-DE6B12D1D48D}
		{7D416D6B-719F-44D7-B641-30971B064A76} = {6C73E1BF-7538-4471-A877-DE6B12D1D48D}
		{A799F2E3-64BE-4891-B688-81E0693959D8} = {6C73E1BF-7538-4471-A877-DE6B12D1D48D}
	EndGlobalSection
	GlobalSection(ExtensibilityGlobals) = postSolution
		SolutionGuid = {C024807C-BA27-4F91-8B3F-8160BB2EB961}
	EndGlobalSection
	GlobalSection(Performance) = preSolution
		HasPerformanceSessions = true
	EndGlobalSection
	GlobalSection(Performance) = preSolution
		HasPerformanceSessions = true
	EndGlobalSection
	GlobalSection(Performance) = preSolution
		HasPerformanceSessions = true
	EndGlobalSection
EndGlobal
