<?xml version="1.0" encoding="utf-8"?>
<Project ToolsVersion="4.0" xmlns="http://schemas.microsoft.com/developer/msbuild/2003">
  <ItemGroup>
    <Filter Include="Source Files">
      <UniqueIdentifier>{4FC737F1-C7A5-4376-A066-2A32D752A2FF}</UniqueIdentifier>
      <Extensions>cpp;c;cc;cxx;def;odl;idl;hpj;bat;asm;asmx</Extensions>
    </Filter>
    <Filter Include="Header Files">
      <UniqueIdentifier>{93995380-89BD-4b04-88EB-625FBE52EBFB}</UniqueIdentifier>
      <Extensions>h;hh;hpp;hxx;hm;inl;inc;xsd</Extensions>
    </Filter>
    <Filter Include="Resource Files">
      <UniqueIdentifier>{67DA6AB6-F800-4c08-8B7A-83BB121AAD01}</UniqueIdentifier>
      <Extensions>rc;ico;cur;bmp;dlg;rc2;rct;bin;rgs;gif;jpg;jpeg;jpe;resx;tiff;tif;png;wav;mfcribbon-ms</Extensions>
    </Filter>
    <Filter Include="Header Files\Structures">
      <UniqueIdentifier>{1ba67125-888b-4185-a159-038cc1577e28}</UniqueIdentifier>
    </Filter>
    <Filter Include="Source Files\Structures">
      <UniqueIdentifier>{ecd82502-4ee5-46f0-b4ce-69caad611cde}</UniqueIdentifier>
    </Filter>
    <Filter Include="Header Files\Algorithms">
      <UniqueIdentifier>{e7a44677-8cee-42e8-b641-97228adb49b6}</UniqueIdentifier>
    </Filter>
    <Filter Include="Source Files\Algorithms">
      <UniqueIdentifier>{bd7fbbd7-90c3-4451-a471-4703b1dfee35}</UniqueIdentifier>
    </Filter>
  </ItemGroup>
  <ItemGroup>
    <ClInclude Include="Algorithms/departure_board.hpp">
      <Filter>Header Files\Algorithms</Filter>
    </ClInclude>
    <ClInclude Include="Structures/data_feed.hpp">
      <Filter>Header Files\Structures</Filter>
    </ClInclude>
    <ClInclude Include="Structures/date_time.hpp">
      <Filter>Header Files\Structures</Filter>
    </ClInclude>
    <ClInclude Include="Structures/routes.hpp">
      <Filter>Header Files\Structures</Filter>
    </ClInclude>
    <ClInclude Include="Structures/routes_info.hpp">
      <Filter>Header Files\Structures</Filter>
    </ClInclude>
    <ClInclude Include="Structures/services.hpp">
      <Filter>Header Files\Structures</Filter>
    </ClInclude>
    <ClInclude Include="Structures/stations.hpp">
      <Filter>Header Files\Structures</Filter>
    </ClInclude>
    <ClInclude Include="Structures/stop_time.hpp">
      <Filter>Header Files\Structures</Filter>
    </ClInclude>
    <ClInclude Include="Structures/stops.hpp">
      <Filter>Header Files\Structures</Filter>
    </ClInclude>
    <ClInclude Include="Structures/trips.hpp">
      <Filter>Header Files\Structures</Filter>
    </ClInclude>
    <ClInclude Include="Structures/journey.hpp">
      <Filter>Header Files\Structures</Filter>
    </ClInclude>
    <ClInclude Include="Algorithms\router_raptor.hpp">
      <Filter>Header Files\Algorithms</Filter>
    </ClInclude>
    <ClInclude Include="Algorithms\router_base.hpp">
      <Filter>Header Files\Algorithms</Filter>
    </ClInclude>
  </ItemGroup>
  <ItemGroup>
    <ClCompile Include="Algorithms/departure_board.cpp">
      <Filter>Source Files\Algorithms</Filter>
    </ClCompile>
    <ClCompile Include="Structures/trips.cpp">
      <Filter>Source Files\Structures</Filter>
    </ClCompile>
    <ClCompile Include="Structures/routes.cpp">
      <Filter>Source Files\Structures</Filter>
    </ClCompile>
    <ClCompile Include="Structures/routes_info.cpp">
      <Filter>Source Files\Structures</Filter>
    </ClCompile>
    <ClCompile Include="Structures/services.cpp">
      <Filter>Source Files\Structures</Filter>
    </ClCompile>
    <ClCompile Include="Structures/stations.cpp">
      <Filter>Source Files\Structures</Filter>
    </ClCompile>
    <ClCompile Include="Structures/stops.cpp">
      <Filter>Source Files\Structures</Filter>
    </ClCompile>
    <ClCompile Include="Structures\journey.cpp">
      <Filter>Source Files\Structures</Filter>
    </ClCompile>
    <ClCompile Include="Algorithms\router_raptor.cpp">
      <Filter>Source Files\Algorithms</Filter>
    </ClCompile>
  </ItemGroup>
  <ItemGroup>
    <None Include="packages.config" />
  </ItemGroup>
</Project>